# THIS IS AN AUTOGENERATED FILE. DO NOT EDIT THIS FILE DIRECTLY.
# yarn lockfile v1


accept@^2.1.4:
  version "2.1.4"
  resolved "https://registry.yarnpkg.com/accept/-/accept-2.1.4.tgz#887af54ceee5c7f4430461971ec400c61d09acbb"
  dependencies:
    boom "5.x.x"
    hoek "4.x.x"

aguid@^1.0.4:
  version "1.0.4"
  resolved "https://registry.yarnpkg.com/aguid/-/aguid-1.0.4.tgz#41abd4d63b88606ea7d5f9829916d710a3ca53ba"
  dependencies:
    node-uuid "^1.4.7"

ammo@^2.0.4:
  version "2.0.4"
  resolved "https://registry.yarnpkg.com/ammo/-/ammo-2.0.4.tgz#bf80aab211698ea78f63ef5e7f113dd5d9e8917f"
  dependencies:
    boom "5.x.x"
    hoek "4.x.x"

async@^2.1.4, async@^2.6.0:
  version "2.6.1"
  resolved "https://registry.yarnpkg.com/async/-/async-2.6.1.tgz#b245a23ca71930044ec53fa46aa00a3e87c6a610"
  dependencies:
    lodash "^4.17.10"

b64@3.x.x:
  version "3.0.3"
  resolved "https://registry.yarnpkg.com/b64/-/b64-3.0.3.tgz#36afeee0d9345f046387ce6de8a6702afe5bb56e"

bindings@^1.3.0:
  version "1.3.0"
  resolved "https://registry.yarnpkg.com/bindings/-/bindings-1.3.0.tgz#b346f6ecf6a95f5a815c5839fc7cdb22502f1ed7"

boom@5.x.x, boom@^5.2.0:
  version "5.2.0"
  resolved "https://registry.yarnpkg.com/boom/-/boom-5.2.0.tgz#5dd9da6ee3a5f302077436290cb717d3f4a54e02"
  dependencies:
    hoek "4.x.x"

boom@^4.2.0:
  version "4.3.1"
  resolved "https://registry.yarnpkg.com/boom/-/boom-4.3.1.tgz#4f8a3005cb4a7e3889f749030fd25b96e01d2e31"
  dependencies:
    hoek "4.x.x"

call@^4.0.2:
  version "4.0.2"
  resolved "https://registry.yarnpkg.com/call/-/call-4.0.2.tgz#df76f5f51ee8dd48b856ac8400f7e69e6d7399c4"
  dependencies:
    boom "5.x.x"
    hoek "4.x.x"

catbox-memory@^2.0.4:
  version "2.0.4"
  resolved "https://registry.yarnpkg.com/catbox-memory/-/catbox-memory-2.0.4.tgz#433e255902caf54233d1286429c8f4df14e822d5"
  dependencies:
    hoek "4.x.x"

catbox@^7.1.5:
  version "7.1.5"
  resolved "https://registry.yarnpkg.com/catbox/-/catbox-7.1.5.tgz#c56f7e8e9555d27c0dc038a96ef73e57d186bb1f"
  dependencies:
    boom "5.x.x"
    hoek "4.x.x"
    joi "10.x.x"

color-convert@^0.5.0:
  version "0.5.3"
  resolved "https://registry.yarnpkg.com/color-convert/-/color-convert-0.5.3.tgz#bdb6c69ce660fadffe0b0007cc447e1b9f7282bd"

color-name@^1.0.0:
  version "1.1.3"
  resolved "https://registry.yarnpkg.com/color-name/-/color-name-1.1.3.tgz#a7d0558bd89c42f795dd42328f740831ca53bc25"

color-string@^0.3.0:
  version "0.3.0"
  resolved "https://registry.yarnpkg.com/color-string/-/color-string-0.3.0.tgz#27d46fb67025c5c2fa25993bfbf579e47841b991"
  dependencies:
    color-name "^1.0.0"

color@0.8.x:
  version "0.8.0"
  resolved "https://registry.yarnpkg.com/color/-/color-0.8.0.tgz#890c07c3fd4e649537638911cf691e5458b6fca5"
  dependencies:
    color-convert "^0.5.0"
    color-string "^0.3.0"

colornames@0.0.2:
  version "0.0.2"
  resolved "https://registry.yarnpkg.com/colornames/-/colornames-0.0.2.tgz#d811fd6c84f59029499a8ac4436202935b92be31"

colors@^1.2.1:
  version "1.3.0"
  resolved "https://registry.yarnpkg.com/colors/-/colors-1.3.0.tgz#5f20c9fef6945cb1134260aab33bfbdc8295e04e"

colorspace@1.0.x:
  version "1.0.1"
  resolved "https://registry.yarnpkg.com/colorspace/-/colorspace-1.0.1.tgz#c99c796ed31128b9876a52e1ee5ee03a4a719749"
  dependencies:
    color "0.8.x"
    text-hex "0.0.x"

content@3.x.x:
  version "3.0.7"
  resolved "https://registry.yarnpkg.com/content/-/content-3.0.7.tgz#0cbb88e82702d35ccf59800b8add609bb5c1dfc2"
  dependencies:
    boom "5.x.x"

core-util-is@~1.0.0:
  version "1.0.2"
  resolved "https://registry.yarnpkg.com/core-util-is/-/core-util-is-1.0.2.tgz#b5fd54220aa2bc5ab57aab7140c940754503c1a7"

cryptiles@3.x.x, cryptiles@^3.1.2:
  version "3.1.2"
  resolved "https://registry.yarnpkg.com/cryptiles/-/cryptiles-3.1.2.tgz#a89fbb220f5ce25ec56e8c4aa8a4fd7b5b0d29fe"
  dependencies:
    boom "5.x.x"

debug@^2.6.0:
  version "2.6.9"
  resolved "https://registry.yarnpkg.com/debug/-/debug-2.6.9.tgz#5d128515df134ff327e90a4c93f4e077a536341f"
  dependencies:
    ms "2.0.0"

diagnostics@^1.0.1:
  version "1.1.0"
  resolved "https://registry.yarnpkg.com/diagnostics/-/diagnostics-1.1.0.tgz#e1090900b49523e8527be20f081275205f2ae36a"
  dependencies:
    colorspace "1.0.x"
    enabled "1.0.x"
    kuler "0.0.x"

enabled@1.0.x:
  version "1.0.2"
  resolved "https://registry.yarnpkg.com/enabled/-/enabled-1.0.2.tgz#965f6513d2c2d1c5f4652b64a2e3396467fc2f93"
  dependencies:
    env-variable "0.0.x"

env-variable@0.0.x:
  version "0.0.4"
  resolved "https://registry.yarnpkg.com/env-variable/-/env-variable-0.0.4.tgz#0d6280cf507d84242befe35a512b5ae4be77c54e"

epoll@^2.0.1:
  version "2.0.1"
  resolved "https://registry.yarnpkg.com/epoll/-/epoll-2.0.1.tgz#4742f963048fab6ad4347f678b0e9e38d58a417e"
  dependencies:
    bindings "^1.3.0"
    nan "^2.10.0"

fast-safe-stringify@^2.0.4:
  version "2.0.4"
  resolved "https://registry.yarnpkg.com/fast-safe-stringify/-/fast-safe-stringify-2.0.4.tgz#4fe828718aa61dbcf9119c3c24e79cc4dea973b2"

fauxmojs@^1.0.3:
  version "1.0.3"
  resolved "https://registry.yarnpkg.com/fauxmojs/-/fauxmojs-1.0.3.tgz#98fb1c2211d94a65a341ee29a42921a508f2c00d"
  dependencies:
    aguid "^1.0.4"
    async "^2.1.4"
    boom "^4.2.0"
    debug "^2.6.0"
    hapi "^16.1.0"
    lodash "^4.17.3"
    q "^1.4.1"
    uuid "^3.0.1"

fecha@^2.3.3:
  version "2.3.3"
  resolved "https://registry.yarnpkg.com/fecha/-/fecha-2.3.3.tgz#948e74157df1a32fd1b12c3a3c3cdcb6ec9d96cd"

hapi@^16.1.0:
  version "16.6.3"
  resolved "https://registry.yarnpkg.com/hapi/-/hapi-16.6.3.tgz#ca9ae1d028afb64d98ac07a1219a1b5eff14d01a"
  dependencies:
    accept "^2.1.4"
    ammo "^2.0.4"
    boom "^5.2.0"
    call "^4.0.2"
    catbox "^7.1.5"
    catbox-memory "^2.0.4"
    cryptiles "^3.1.2"
    heavy "^4.0.4"
    hoek "^4.2.0"
    iron "^4.0.5"
    items "^2.1.1"
    joi "^11.1.0"
    mimos "^3.0.3"
    podium "^1.3.0"
    shot "^3.4.2"
    statehood "^5.0.3"
    subtext "^5.0.0"
    topo "^2.0.2"

heavy@^4.0.4:
  version "4.0.4"
  resolved "https://registry.yarnpkg.com/heavy/-/heavy-4.0.4.tgz#36c91336c00ccfe852caa4d153086335cd2f00e9"
  dependencies:
    boom "5.x.x"
    hoek "4.x.x"
    joi "10.x.x"

hoek@4.x.x, hoek@^4.2.0:
  version "4.2.1"
  resolved "https://registry.yarnpkg.com/hoek/-/hoek-4.2.1.tgz#9634502aa12c445dd5a7c5734b572bb8738aacbb"

inherits@~2.0.3:
  version "2.0.3"
  resolved "https://registry.yarnpkg.com/inherits/-/inherits-2.0.3.tgz#633c2c83e3da42a502f52466022480f4208261de"

iron@4.x.x, iron@^4.0.5:
  version "4.0.5"
  resolved "https://registry.yarnpkg.com/iron/-/iron-4.0.5.tgz#4f042cceb8b9738f346b59aa734c83a89bc31428"
  dependencies:
    boom "5.x.x"
    cryptiles "3.x.x"
    hoek "4.x.x"

is-stream@^1.1.0:
  version "1.1.0"
  resolved "https://registry.yarnpkg.com/is-stream/-/is-stream-1.1.0.tgz#12d4a3dd4e68e0b79ceb8dbc84173ae80d91ca44"

isarray@~1.0.0:
  version "1.0.0"
  resolved "https://registry.yarnpkg.com/isarray/-/isarray-1.0.0.tgz#bb935d48582cba168c06834957a54a3e07124f11"

isemail@2.x.x:
  version "2.2.1"
  resolved "https://registry.yarnpkg.com/isemail/-/isemail-2.2.1.tgz#0353d3d9a62951080c262c2aa0a42b8ea8e9e2a6"

isemail@3.x.x:
  version "3.1.2"
  resolved "https://registry.yarnpkg.com/isemail/-/isemail-3.1.2.tgz#937cf919002077999a73ea8b1951d590e84e01dd"
  dependencies:
    punycode "2.x.x"

items@2.x.x, items@^2.1.1:
  version "2.1.1"
  resolved "https://registry.yarnpkg.com/items/-/items-2.1.1.tgz#8bd16d9c83b19529de5aea321acaada78364a198"

joi@10.x.x:
  version "10.6.0"
  resolved "https://registry.yarnpkg.com/joi/-/joi-10.6.0.tgz#52587f02d52b8b75cdb0c74f0b164a191a0e1fc2"
  dependencies:
    hoek "4.x.x"
    isemail "2.x.x"
    items "2.x.x"
    topo "2.x.x"

joi@^11.1.0:
  version "11.4.0"
  resolved "https://registry.yarnpkg.com/joi/-/joi-11.4.0.tgz#f674897537b625e9ac3d0b7e1604c828ad913ccb"
  dependencies:
    hoek "4.x.x"
    isemail "3.x.x"
    topo "2.x.x"

kuler@0.0.x:
  version "0.0.0"
  resolved "https://registry.yarnpkg.com/kuler/-/kuler-0.0.0.tgz#b66bb46b934e550f59d818848e0abba4f7f5553c"
  dependencies:
    colornames "0.0.2"

lodash.debounce@^4.0.8:
  version "4.0.8"
  resolved "https://registry.yarnpkg.com/lodash.debounce/-/lodash.debounce-4.0.8.tgz#82d79bff30a67c4005ffd5e2515300ad9ca4d7af"

lodash@^4.17.10, lodash@^4.17.3:
  version "4.17.10"
  resolved "https://registry.yarnpkg.com/lodash/-/lodash-4.17.10.tgz#1b7793cf7259ea38fb3661d4d38b3260af8ae4e7"

logform@^1.9.0:
  version "1.9.1"
  resolved "https://registry.yarnpkg.com/logform/-/logform-1.9.1.tgz#58b29d7b11c332456d7a217e17b48a13ad69d60a"
  dependencies:
    colors "^1.2.1"
    fast-safe-stringify "^2.0.4"
    fecha "^2.3.3"
    ms "^2.1.1"
    triple-beam "^1.2.0"

mime-db@1.x.x:
  version "1.34.0"
  resolved "https://registry.yarnpkg.com/mime-db/-/mime-db-1.34.0.tgz#452d0ecff5c30346a6dc1e64b1eaee0d3719ff9a"

mimos@^3.0.3:
  version "3.0.3"
  resolved "https://registry.yarnpkg.com/mimos/-/mimos-3.0.3.tgz#b9109072ad378c2b72f6a0101c43ddfb2b36641f"
  dependencies:
    hoek "4.x.x"
    mime-db "1.x.x"

ms@2.0.0:
  version "2.0.0"
  resolved "https://registry.yarnpkg.com/ms/-/ms-2.0.0.tgz#5608aeadfc00be6c2901df5f9861788de0d597c8"

ms@^2.1.1:
  version "2.1.1"
  resolved "https://registry.yarnpkg.com/ms/-/ms-2.1.1.tgz#30a5864eb3ebb0a66f2ebe6d727af06a09d86e0a"

nan@^2.10.0:
  version "2.10.0"
  resolved "https://registry.yarnpkg.com/nan/-/nan-2.10.0.tgz#96d0cd610ebd58d4b4de9cc0c6828cda99c7548f"

nigel@2.x.x:
  version "2.0.2"
  resolved "https://registry.yarnpkg.com/nigel/-/nigel-2.0.2.tgz#93a1866fb0c52d87390aa75e2b161f4b5c75e5b1"
  dependencies:
    hoek "4.x.x"
    vise "2.x.x"

node-uuid@^1.4.7:
  version "1.4.8"
  resolved "https://registry.yarnpkg.com/node-uuid/-/node-uuid-1.4.8.tgz#b040eb0923968afabf8d32fb1f17f1167fdab907"

one-time@0.0.4:
  version "0.0.4"
  resolved "https://registry.yarnpkg.com/one-time/-/one-time-0.0.4.tgz#f8cdf77884826fe4dff93e3a9cc37b1e4480742e"

onoff@^3.1.0:
  version "3.1.0"
  resolved "https://registry.yarnpkg.com/onoff/-/onoff-3.1.0.tgz#90bfb4d689c60842086b0d237d36cd9b84fffddf"
  dependencies:
    epoll "^2.0.1"
    lodash.debounce "^4.0.8"

pez@2.x.x:
  version "2.1.5"
  resolved "https://registry.yarnpkg.com/pez/-/pez-2.1.5.tgz#5ec2cc62500cc3eb4236d4a414cf5a17b5eb5007"
  dependencies:
    b64 "3.x.x"
    boom "5.x.x"
    content "3.x.x"
    hoek "4.x.x"
    nigel "2.x.x"

podium@^1.3.0:
  version "1.3.0"
  resolved "https://registry.yarnpkg.com/podium/-/podium-1.3.0.tgz#3c490f54d16f10f5260cbe98641f1cb733a8851c"
  dependencies:
    hoek "4.x.x"
    items "2.x.x"
    joi "10.x.x"

process-nextick-args@~2.0.0:
  version "2.0.0"
  resolved "https://registry.yarnpkg.com/process-nextick-args/-/process-nextick-args-2.0.0.tgz#a37d732f4271b4ab1ad070d35508e8290788ffaa"

punycode@2.x.x:
  version "2.1.1"
  resolved "https://registry.yarnpkg.com/punycode/-/punycode-2.1.1.tgz#b58b010ac40c22c5657616c8d2c2c02c7bf479ec"

q@^1.4.1:
  version "1.5.1"
  resolved "https://registry.yarnpkg.com/q/-/q-1.5.1.tgz#7e32f75b41381291d04611f1bf14109ac00651d7"

readable-stream@^2.3.6:
  version "2.3.6"
  resolved "https://registry.yarnpkg.com/readable-stream/-/readable-stream-2.3.6.tgz#b11c27d88b8ff1fbe070643cf94b0c79ae1b0aaf"
  dependencies:
    core-util-is "~1.0.0"
    inherits "~2.0.3"
    isarray "~1.0.0"
    process-nextick-args "~2.0.0"
    safe-buffer "~5.1.1"
    string_decoder "~1.1.1"
    util-deprecate "~1.0.1"

safe-buffer@~5.1.0, safe-buffer@~5.1.1:
  version "5.1.2"
  resolved "https://registry.yarnpkg.com/safe-buffer/-/safe-buffer-5.1.2.tgz#991ec69d296e0313747d59bdfd2b745c35f8828d"

shot@^3.4.2:
  version "3.4.2"
  resolved "https://registry.yarnpkg.com/shot/-/shot-3.4.2.tgz#1e5c3f6f2b26649adc42f7eb350214a5a0291d67"
  dependencies:
    hoek "4.x.x"
    joi "10.x.x"

stack-trace@0.0.x:
  version "0.0.10"
  resolved "https://registry.yarnpkg.com/stack-trace/-/stack-trace-0.0.10.tgz#547c70b347e8d32b4e108ea1a2a159e5fdde19c0"

statehood@^5.0.3:
  version "5.0.3"
  resolved "https://registry.yarnpkg.com/statehood/-/statehood-5.0.3.tgz#c07a75620db5379b60d2edd47f538002a8ac7dd6"
  dependencies:
    boom "5.x.x"
    cryptiles "3.x.x"
    hoek "4.x.x"
    iron "4.x.x"
    items "2.x.x"
    joi "10.x.x"

string_decoder@~1.1.1:
  version "1.1.1"
  resolved "https://registry.yarnpkg.com/string_decoder/-/string_decoder-1.1.1.tgz#9cf1611ba62685d7030ae9e4ba34149c3af03fc8"
  dependencies:
    safe-buffer "~5.1.0"

subtext@^5.0.0:
  version "5.0.0"
  resolved "https://registry.yarnpkg.com/subtext/-/subtext-5.0.0.tgz#9c3f083018bb1586b167ad8cfd87083f5ccdfe0f"
  dependencies:
    boom "5.x.x"
    content "3.x.x"
    hoek "4.x.x"
    pez "2.x.x"
    wreck "12.x.x"

text-hex@0.0.x:
  version "0.0.0"
  resolved "https://registry.yarnpkg.com/text-hex/-/text-hex-0.0.0.tgz#578fbc85a6a92636e42dd17b41d0218cce9eb2b3"

topo@2.x.x, topo@^2.0.2:
  version "2.0.2"
  resolved "https://registry.yarnpkg.com/topo/-/topo-2.0.2.tgz#cd5615752539057c0dc0491a621c3bc6fbe1d182"
  dependencies:
    hoek "4.x.x"

triple-beam@^1.2.0, triple-beam@^1.3.0:
  version "1.3.0"
  resolved "https://registry.yarnpkg.com/triple-beam/-/triple-beam-1.3.0.tgz#a595214c7298db8339eeeee083e4d10bd8cb8dd9"

util-deprecate@~1.0.1:
  version "1.0.2"
  resolved "https://registry.yarnpkg.com/util-deprecate/-/util-deprecate-1.0.2.tgz#450d4dc9fa70de732762fbd2d4a28981419a0ccf"

uuid@^3.0.1:
  version "3.3.2"
  resolved "https://registry.yarnpkg.com/uuid/-/uuid-3.3.2.tgz#1b4af4955eb3077c501c23872fc6513811587131"

vise@2.x.x:
  version "2.0.2"
  resolved "https://registry.yarnpkg.com/vise/-/vise-2.0.2.tgz#6b08e8fb4cb76e3a50cd6dd0ec37338e811a0d39"
  dependencies:
    hoek "4.x.x"

winston-transport@^4.2.0:
  version "4.2.0"
  resolved "https://registry.yarnpkg.com/winston-transport/-/winston-transport-4.2.0.tgz#a20be89edf2ea2ca39ba25f3e50344d73e6520e5"
  dependencies:
    readable-stream "^2.3.6"
    triple-beam "^1.2.0"

winston@^3.0.0:
  version "3.0.0"
  resolved "https://registry.yarnpkg.com/winston/-/winston-3.0.0.tgz#1f0b24a96586798bcf0cd149fb07ed47cb01a1b2"
  dependencies:
    async "^2.6.0"
    diagnostics "^1.0.1"
    is-stream "^1.1.0"
    logform "^1.9.0"
    one-time "0.0.4"
    readable-stream "^2.3.6"
    stack-trace "0.0.x"
    triple-beam "^1.3.0"
    winston-transport "^4.2.0"

wreck@12.x.x:
  version "12.5.1"
  resolved "https://registry.yarnpkg.com/wreck/-/wreck-12.5.1.tgz#cd2ffce167449e1f0242ed9cf80552e20fb6902a"
  dependencies:
    boom "5.x.x"
    hoek "4.x.x"
